// !$*UTF8*$!
{
	archiveVersion = 1;
	classes = {
	};
	objectVersion = 46;
	objects = {

/* Begin PBXBuildFile section */
		3137C2AC1A7AC040002E2D37 /* AppDelegate.swift in Sources */ = {isa = PBXBuildFile; fileRef = 3137C2AB1A7AC040002E2D37 /* AppDelegate.swift */; };
		3137C2AE1A7AC040002E2D37 /* ViewController.swift in Sources */ = {isa = PBXBuildFile; fileRef = 3137C2AD1A7AC040002E2D37 /* ViewController.swift */; };
		3137C2B11A7AC040002E2D37 /* Main.storyboard in Resources */ = {isa = PBXBuildFile; fileRef = 3137C2AF1A7AC040002E2D37 /* Main.storyboard */; };
		3137C2B31A7AC040002E2D37 /* Images.xcassets in Resources */ = {isa = PBXBuildFile; fileRef = 3137C2B21A7AC040002E2D37 /* Images.xcassets */; };
		3137C2B61A7AC040002E2D37 /* LaunchScreen.xib in Resources */ = {isa = PBXBuildFile; fileRef = 3137C2B41A7AC040002E2D37 /* LaunchScreen.xib */; };
		3137C2C21A7AC040002E2D37 /* PostcardTests.swift in Sources */ = {isa = PBXBuildFile; fileRef = 3137C2C11A7AC040002E2D37 /* PostcardTests.swift */; };
		3137C2CE1A7AC9F4002E2D37 /* sagrada familia.jpg in Resources */ = {isa = PBXBuildFile; fileRef = 3137C2CD1A7AC9F4002E2D37 /* sagrada familia.jpg */; };
		3137C2D01A7ACEA1002E2D37 /* Albert E.jpg in Resources */ = {isa = PBXBuildFile; fileRef = 3137C2CF1A7ACEA1002E2D37 /* Albert E.jpg */; };
/* End PBXBuildFile section */

/* Begin PBXContainerItemProxy section */
		3137C2BC1A7AC040002E2D37 /* PBXContainerItemProxy */ = {
			isa = PBXContainerItemProxy;
			containerPortal = 3137C29E1A7AC040002E2D37 /* Project object */;
			proxyType = 1;
			remoteGlobalIDString = 3137C2A51A7AC040002E2D37;
			remoteInfo = Postcard;
		};
/* End PBXContainerItemProxy section */

/* Begin PBXFileReference section */
		3137C2A61A7AC040002E2D37 /* Postcard.app */ = {isa = PBXFileReference; explicitFileType = wrapper.application; includeInIndex = 0; path = Postcard.app; sourceTree = BUILT_PRODUCTS_DIR; };
		3137C2AA1A7AC040002E2D37 /* Info.plist */ = {isa = PBXFileReference; lastKnownFileType = text.plist.xml; path = Info.plist; sourceTree = "<group>"; };
		3137C2AB1A7AC040002E2D37 /* AppDelegate.swift */ = {isa = PBXFileReference; lastKnownFileType = sourcecode.swift; path = AppDelegate.swift; sourceTree = "<group>"; };
		3137C2AD1A7AC040002E2D37 /* ViewController.swift */ = {isa = PBXFileReference; lastKnownFileType = sourcecode.swift; path = ViewController.swift; sourceTree = "<group>"; };
		3137C2B01A7AC040002E2D37 /* Base */ = {isa = PBXFileReference; lastKnownFileType = file.storyboard; name = Base; path = Base.lproj/Main.storyboard; sourceTree = "<group>"; };
		3137C2B21A7AC040002E2D37 /* Images.xcassets */ = {isa = PBXFileReference; lastKnownFileType = folder.assetcatalog; path = Images.xcassets; sourceTree = "<group>"; };
		3137C2B51A7AC040002E2D37 /* Base */ = {isa = PBXFileReference; lastKnownFileType = file.xib; name = Base; path = Base.lproj/LaunchScreen.xib; sourceTree = "<group>"; };
		3137C2BB1A7AC040002E2D37 /* PostcardTests.xctest */ = {isa = PBXFileReference; explicitFileType = wrapper.cfbundle; includeInIndex = 0; path = PostcardTests.xctest; sourceTree = BUILT_PRODUCTS_DIR; };
		3137C2C01A7AC040002E2D37 /* Info.plist */ = {isa = PBXFileReference; lastKnownFileType = text.plist.xml; path = Info.plist; sourceTree = "<group>"; };
		3137C2C11A7AC040002E2D37 /* PostcardTests.swift */ = {isa = PBXFileReference; lastKnownFileType = sourcecode.swift; path = PostcardTests.swift; sourceTree = "<group>"; };
		3137C2CD1A7AC9F4002E2D37 /* sagrada familia.jpg */ = {isa = PBXFileReference; lastKnownFileType = image.jpeg; path = "sagrada familia.jpg"; sourceTree = "<group>"; };
		3137C2CF1A7ACEA1002E2D37 /* Albert E.jpg */ = {isa = PBXFileReference; lastKnownFileType = image.jpeg; path = "Albert E.jpg"; sourceTree = "<group>"; };
/* End PBXFileReference section */

/* Begin PBXFrameworksBuildPhase section */
		3137C2A31A7AC040002E2D37 /* Frameworks */ = {
			isa = PBXFrameworksBuildPhase;
			buildActionMask = 2147483647;
			files = (
			);
			runOnlyForDeploymentPostprocessing = 0;
		};
		3137C2B81A7AC040002E2D37 /* Frameworks */ = {
			isa = PBXFrameworksBuildPhase;
			buildActionMask = 2147483647;
			files = (
			);
			runOnlyForDeploymentPostprocessing = 0;
		};
/* End PBXFrameworksBuildPhase section */

/* Begin PBXGroup section */
		3137C29D1A7AC040002E2D37 = {
			isa = PBXGroup;
			children = (
				3137C2A81A7AC040002E2D37 /* Postcard */,
				3137C2BE1A7AC040002E2D37 /* PostcardTests */,
				3137C2A71A7AC040002E2D37 /* Products */,
			);
			sourceTree = "<group>";
		};
		3137C2A71A7AC040002E2D37 /* Products */ = {
			isa = PBXGroup;
			children = (
				3137C2A61A7AC040002E2D37 /* Postcard.app */,
				3137C2BB1A7AC040002E2D37 /* PostcardTests.xctest */,
			);
			name = Products;
			sourceTree = "<group>";
		};
		3137C2A81A7AC040002E2D37 /* Postcard */ = {
			isa = PBXGroup;
			children = (
				3137C2AB1A7AC040002E2D37 /* AppDelegate.swift */,
				3137C2AD1A7AC040002E2D37 /* ViewController.swift */,
				3137C2AF1A7AC040002E2D37 /* Main.storyboard */,
				3137C2B21A7AC040002E2D37 /* Images.xcassets */,
				3137C2B41A7AC040002E2D37 /* LaunchScreen.xib */,
				3137C2A91A7AC040002E2D37 /* Supporting Files */,
			);
			path = Postcard;
			sourceTree = "<group>";
		};
		3137C2A91A7AC040002E2D37 /* Supporting Files */ = {
			isa = PBXGroup;
			children = (
				3137C2CF1A7ACEA1002E2D37 /* Albert E.jpg */,
				3137C2CD1A7AC9F4002E2D37 /* sagrada familia.jpg */,
				3137C2AA1A7AC040002E2D37 /* Info.plist */,
			);
			name = "Supporting Files";
			sourceTree = "<group>";
		};
		3137C2BE1A7AC040002E2D37 /* PostcardTests */ = {
			isa = PBXGroup;
			children = (
				3137C2C11A7AC040002E2D37 /* PostcardTests.swift */,
				3137C2BF1A7AC040002E2D37 /* Supporting Files */,
			);
			path = PostcardTests;
			sourceTree = "<group>";
		};
		3137C2BF1A7AC040002E2D37 /* Supporting Files */ = {
			isa = PBXGroup;
			children = (
				3137C2C01A7AC040002E2D37 /* Info.plist */,
			);
			name = "Supporting Files";
			sourceTree = "<group>";
		};
/* End PBXGroup section */

/* Begin PBXNativeTarget section */
		3137C2A51A7AC040002E2D37 /* Postcard */ = {
			isa = PBXNativeTarget;
			buildConfigurationList = 3137C2C51A7AC040002E2D37 /* Build configuration list for PBXNativeTarget "Postcard" */;
			buildPhases = (
				3137C2A21A7AC040002E2D37 /* Sources */,
				3137C2A31A7AC040002E2D37 /* Frameworks */,
				3137C2A41A7AC040002E2D37 /* Resources */,
			);
			buildRules = (
			);
			dependencies = (
			);
			name = Postcard;
			productName = Postcard;
			productReference = 3137C2A61A7AC040002E2D37 /* Postcard.app */;
			productType = "com.apple.product-type.application";
		};
		3137C2BA1A7AC040002E2D37 /* PostcardTests */ = {
			isa = PBXNativeTarget;
			buildConfigurationList = 3137C2C81A7AC040002E2D37 /* Build configuration list for PBXNativeTarget "PostcardTests" */;
			buildPhases = (
				3137C2B71A7AC040002E2D37 /* Sources */,
				3137C2B81A7AC040002E2D37 /* Frameworks */,
				3137C2B91A7AC040002E2D37 /* Resources */,
			);
			buildRules = (
			);
			dependencies = (
				3137C2BD1A7AC040002E2D37 /* PBXTargetDependency */,
			);
			name = PostcardTests;
			productName = PostcardTests;
			productReference = 3137C2BB1A7AC040002E2D37 /* PostcardTests.xctest */;
			productType = "com.apple.product-type.bundle.unit-test";
		};
/* End PBXNativeTarget section */

/* Begin PBXProject section */
		3137C29E1A7AC040002E2D37 /* Project object */ = {
			isa = PBXProject;
			attributes = {
				LastUpgradeCheck = 0610;
				ORGANIZATIONNAME = "Pokrovskiy Yuriy";
				TargetAttributes = {
					3137C2A51A7AC040002E2D37 = {
						CreatedOnToolsVersion = 6.1.1;
					};
					3137C2BA1A7AC040002E2D37 = {
						CreatedOnToolsVersion = 6.1.1;
						TestTargetID = 3137C2A51A7AC040002E2D37;
					};
				};
			};
			buildConfigurationList = 3137C2A11A7AC040002E2D37 /* Build configuration list for PBXProject "Postcard" */;
			compatibilityVersion = "Xcode 3.2";
			developmentRegion = English;
			hasScannedForEncodings = 0;
			knownRegions = (
				en,
				Base,
			);
			mainGroup = 3137C29D1A7AC040002E2D37;
			productRefGroup = 3137C2A71A7AC040002E2D37 /* Products */;
			projectDirPath = "";
			projectRoot = "";
			targets = (
				3137C2A51A7AC040002E2D37 /* Postcard */,
				3137C2BA1A7AC040002E2D37 /* PostcardTests */,
			);
		};
/* End PBXProject section */

/* Begin PBXResourcesBuildPhase section */
		3137C2A41A7AC040002E2D37 /* Resources */ = {
			isa = PBXResourcesBuildPhase;
			buildActionMask = 2147483647;
			files = (
				3137C2B11A7AC040002E2D37 /* Main.storyboard in Resources */,
				3137C2CE1A7AC9F4002E2D37 /* sagrada familia.jpg in Resources */,
				3137C2B61A7AC040002E2D37 /* LaunchScreen.xib in Resources */,
				3137C2B31A7AC040002E2D37 /* Images.xcassets in Resources */,
				3137C2D01A7ACEA1002E2D37 /* Albert E.jpg in Resources */,
			);
			runOnlyForDeploymentPostprocessing = 0;
		};
		3137C2B91A7AC040002E2D37 /* Resources */ = {
			isa = PBXResourcesBuildPhase;
			buildActionMask = 2147483647;
			files = (
			);
			runOnlyForDeploymentPostprocessing = 0;
		};
/* End PBXResourcesBuildPhase section */

/* Begin PBXSourcesBuildPhase section */
		3137C2A21A7AC040002E2D37 /* Sources */ = {
			isa = PBXSourcesBuildPhase;
			buildActionMask = 2147483647;
			files = (
				3137C2AE1A7AC040002E2D37 /* ViewController.swift in Sources */,
				3137C2AC1A7AC040002E2D37 /* AppDelegate.swift in Sources */,
			);
			runOnlyForDeploymentPostprocessing = 0;
		};
		3137C2B71A7AC040002E2D37 /* Sources */ = {
			isa = PBXSourcesBuildPhase;
			buildActionMask = 2147483647;
			files = (
				3137C2C21A7AC040002E2D37 /* PostcardTests.swift in Sources */,
			);
			runOnlyForDeploymentPostprocessing = 0;
		};
/* End PBXSourcesBuildPhase section */

/* Begin PBXTargetDependency section */
		3137C2BD1A7AC040002E2D37 /* PBXTargetDependency */ = {
			isa = PBXTargetDependency;
			target = 3137C2A51A7AC040002E2D37 /* Postcard */;
			targetProxy = 3137C2BC1A7AC040002E2D37 /* PBXContainerItemProxy */;
		};
/* End PBXTargetDependency section */

/* Begin PBXVariantGroup section */
		3137C2AF1A7AC040002E2D37 /* Main.storyboard */ = {
			isa = PBXVariantGroup;
			children = (
				3137C2B01A7AC040002E2D37 /* Base */,
			);
			name = Main.storyboard;
			sourceTree = "<group>";
		};
		3137C2B41A7AC040002E2D37 /* LaunchScreen.xib */ = {
			isa = PBXVariantGroup;
			children = (
				3137C2B51A7AC040002E2D37 /* Base */,
			);
			name = LaunchScreen.xib;
			sourceTree = "<group>";
		};
/* End PBXVariantGroup section */

/* Begin XCBuildConfiguration section */
		3137C2C31A7AC040002E2D37 /* Debug */ = {
			isa = XCBuildConfiguration;
			buildSettings = {
				ALWAYS_SEARCH_USER_PATHS = NO;
				CLANG_CXX_LANGUAGE_STANDARD = "gnu++0x";
				CLANG_CXX_LIBRARY = "libc++";
				CLANG_ENABLE_MODULES = YES;
				CLANG_ENABLE_OBJC_ARC = YES;
				CLANG_WARN_BOOL_CONVERSION = YES;
				CLANG_WARN_CONSTANT_CONVERSION = YES;
				CLANG_WARN_DIRECT_OBJC_ISA_USAGE = YES_ERROR;
				CLANG_WARN_EMPTY_BODY = YES;
				CLANG_WARN_ENUM_CONVERSION = YES;
				CLANG_WARN_INT_CONVERSION = YES;
				CLANG_WARN_OBJC_ROOT_CLASS = YES_ERROR;
				CLANG_WARN_UNREACHABLE_CODE = YES;
				CLANG_WARN__DUPLICATE_METHOD_MATCH = YES;
				"CODE_SIGN_IDENTITY[sdk=iphoneos*]" = "iPhone Developer";
				COPY_PHASE_STRIP = NO;
				ENABLE_STRICT_OBJC_MSGSEND = YES;
				GCC_C_LANGUAGE_STANDARD = gnu99;
				GCC_DYNAMIC_NO_PIC = NO;
				GCC_OPTIMIZATION_LEVEL = 0;
				GCC_PREPROCESSOR_DEFINITIONS = (
					"DEBUG=1",
					"$(inherited)",
				);
				GCC_SYMBOLS_PRIVATE_EXTERN = NO;
				GCC_WARN_64_TO_32_BIT_CONVERSION = YES;
				GCC_WARN_ABOUT_RETURN_TYPE = YES_ERROR;
				GCC_WARN_UNDECLARED_SELECTOR = YES;
				GCC_WARN_UNINITIALIZED_AUTOS = YES_AGGRESSIVE;
				GCC_WARN_UNUSED_FUNCTION = YES;
				GCC_WARN_UNUSED_VARIABLE = YES;
				IPHONEOS_DEPLOYMENT_TARGET = 8.1;
				MTL_ENABLE_DEBUG_INFO = YES;
				ONLY_ACTIVE_ARCH = YES;
				SDKROOT = iphoneos;
				SWIFT_OPTIMIZATION_LEVEL = "-Onone";
				TARGETED_DEVICE_FAMILY = "1,2";
			};
			name = Debug;
		};
		3137C2C41A7AC040002E2D37 /* Release */ = {
			isa = XCBuildConfiguration;
			buildSettings = {
				ALWAYS_SEARCH_USER_PATHS = NO;
				CLANG_CXX_LANGUAGE_STANDARD = "gnu++0x";
				CLANG_CXX_LIBRARY = "libc++";
				CLANG_ENABLE_MODULES = YES;
				CLANG_ENABLE_OBJC_ARC = YES;
				CLANG_WARN_BOOL_CONVERSION = YES;
				CLANG_WARN_CONSTANT_CONVERSION = YES;
				CLANG_WARN_DIRECT_OBJC_ISA_USAGE = YES_ERROR;
				CLANG_WARN_EMPTY_BODY = YES;
				CLANG_WARN_ENUM_CONVERSION = YES;
				CLANG_WARN_INT_CONVERSION = YES;
				CLANG_WARN_OBJC_ROOT_CLASS = YES_ERROR;
				CLANG_WARN_UNREACHABLE_CODE = YES;
				CLANG_WARN__DUPLICATE_METHOD_MATCH = YES;
				"CODE_SIGN_IDENTITY[sdk=iphoneos*]" = "iPhone Developer";
				COPY_PHASE_STRIP = YES;
				ENABLE_NS_ASSERTIONS = NO;
				ENABLE_STRICT_OBJC_MSGSEND = YES;
				GCC_C_LANGUAGE_STANDARD = gnu99;
				GCC_WARN_64_TO_32_BIT_CONVERSION = YES;
				GCC_WARN_ABOUT_RETURN_TYPE = YES_ERROR;
				GCC_WARN_UNDECLARED_SELECTOR = YES;
				GCC_WARN_UNINITIALIZED_AUTOS = YES_AGGRESSIVE;
				GCC_WARN_UNUSED_FUNCTION = YES;
				GCC_WARN_UNUSED_VARIABLE = YES;
				IPHONEOS_DEPLOYMENT_TARGET = 8.1;
				MTL_ENABLE_DEBUG_INFO = NO;
				SDKROOT = iphoneos;
				TARGETED_DEVICE_FAMILY = "1,2";
				VALIDATE_PRODUCT = YES;
			};
			name = Release;
		};
		3137C2C61A7AC040002E2D37 /* Debug */ = {
			isa = XCBuildConfiguration;
			buildSettings = {
				ASSETCATALOG_COMPILER_APPICON_NAME = AppIcon;
				INFOPLIST_FILE = Postcard/Info.plist;
				LD_RUNPATH_SEARCH_PATHS = "$(inherited) @executable_path/Frameworks";
				PRODUCT_NAME = "$(TARGET_NAME)";
			};
			name = Debug;
		};
		3137C2C71A7AC040002E2D37 /* Release */ = {
			isa = XCBuildConfiguration;
			buildSettings = {
				ASSETCATALOG_COMPILER_APPICON_NAME = AppIcon;
				INFOPLIST_FILE = Postcard/Info.plist;
				LD_RUNPATH_SEARCH_PATHS = "$(inherited) @executable_path/Frameworks";
				PRODUCT_NAME = "$(TARGET_NAME)";
			};
			name = Release;
		};
		3137C2C91A7AC040002E2D37 /* Debug */ = {
			isa = XCBuildConfiguration;
			buildSettings = {
				BUNDLE_LOADER = "$(TEST_HOST)";
				FRAMEWORK_SEARCH_PATHS = (
					"$(SDKROOT)/Developer/Library/Frameworks",
					"$(inherited)",
				);
				GCC_PREPROCESSOR_DEFINITIONS = (
					"DEBUG=1",
					"$(inherited)",
				);
				INFOPLIST_FILE = PostcardTests/Info.plist;
				LD_RUNPATH_SEARCH_PATHS = "$(inherited) @executable_path/Frameworks @loader_path/Frameworks";
				PRODUCT_NAME = "$(TARGET_NAME)";
				TEST_HOST = "$(BUILT_PRODUCTS_DIR)/Postcard.app/Postcard";
			};
			name = Debug;
		};
		3137C2CA1A7AC040002E2D37 /* Release */ = {
			isa = XCBuildConfiguration;
			buildSettings = {
				BUNDLE_LOADER = "$(TEST_HOST)";
				FRAMEWORK_SEARCH_PATHS = (
					"$(SDKROOT)/Developer/Library/Frameworks",
					"$(inherited)",
				);
				INFOPLIST_FILE = PostcardTests/Info.plist;
				LD_RUNPATH_SEARCH_PATHS = "$(inherited) @executable_path/Frameworks @loader_path/Frameworks";
				PRODUCT_NAME = "$(TARGET_NAME)";
				TEST_HOST = "$(BUILT_PRODUCTS_DIR)/Postcard.app/Postcard";
			};
			name = Release;
		};
/* End XCBuildConfiguration section */

/* Begin XCConfigurationList section */
		3137C2A11A7AC040002E2D37 /* Build configuration list for PBXProject "Postcard" */ = {
			isa = XCConfigurationList;
			buildConfigurations = (
				3137C2C31A7AC040002E2D37 /* Debug */,
				3137C2C41A7AC040002E2D37 /* Release */,
			);
			defaultConfigurationIsVisible = 0;
			defaultConfigurationName = Release;
		};
		3137C2C51A7AC040002E2D37 /* Build configuration list for PBXNativeTarget "Postcard" */ = {
			isa = XCConfigurationList;
			buildConfigurations = (
				3137C2C61A7AC040002E2D37 /* Debug */,
				3137C2C71A7AC040002E2D37 /* Release */,
			);
			defaultConfigurationIsVisible = 0;
		};
		3137C2C81A7AC040002E2D37 /* Build configuration list for PBXNativeTarget "PostcardTests" */ = {
			isa = XCConfigurationList;
			buildConfigurations = (
				3137C2C91A7AC040002E2D37 /* Debug */,
				3137C2CA1A7AC040002E2D37 /* Release */,
			);
			defaultConfigurationIsVisible = 0;
		};
/* End XCConfigurationList section */
	};
	rootObject = 3137C29E1A7AC040002E2D37 /* Project object */;
}
